
Microsoft Visual Studio Solution File, Format Version 12.00
# Visual Studio Version 17
VisualStudioVersion = 17.10.35027.167
MinimumVisualStudioVersion = 10.0.40219.1
Project("{FAE04EC0-301F-11D3-BF4B-00C04F79EFBC}") = "CMAPTask.web", "CMAPTask.web\CMAPTask.web.csproj", "{65749A84-7FBA-4018-933C-DACD07541DEA}"
EndProject
Project("{FAE04EC0-301F-11D3-BF4B-00C04F79EFBC}") = "CMAPTask.Application", "CMAPTask.Application\CMAPTask.Application.csproj", "{82FEF2F9-BCF8-4FDB-AF1D-5B173F7CBE1D}"
EndProject
Project("{FAE04EC0-301F-11D3-BF4B-00C04F79EFBC}") = "CMAPTask.Domain", "CMAPTask.Domain\CMAPTask.Domain.csproj", "{0EB72D26-2734-4292-9573-9D254277DB2F}"
EndProject
Project("{FAE04EC0-301F-11D3-BF4B-00C04F79EFBC}") = "CMAPTask.Infrastructure", "CMAPTask.Infrastructure\CMAPTask.Infrastructure.csproj", "{728DA5B8-20CB-4B9A-91D8-1BD02CA1B500}"
EndProject
Global
	GlobalSection(SolutionConfigurationPlatforms) = preSolution
		Debug|Any CPU = Debug|Any CPU
		Release|Any CPU = Release|Any CPU
	EndGlobalSection
	GlobalSection(ProjectConfigurationPlatforms) = postSolution
		{65749A84-7FBA-4018-933C-DACD07541DEA}.Debug|Any CPU.ActiveCfg = Debug|Any CPU
		{65749A84-7FBA-4018-933C-DACD07541DEA}.Debug|Any CPU.Build.0 = Debug|Any CPU
		{65749A84-7FBA-4018-933C-DACD07541DEA}.Release|Any CPU.ActiveCfg = Release|Any CPU
		{65749A84-7FBA-4018-933C-DACD07541DEA}.Release|Any CPU.Build.0 = Release|Any CPU
		{82FEF2F9-BCF8-4FDB-AF1D-5B173F7CBE1D}.Debug|Any CPU.ActiveCfg = Debug|Any CPU
		{82FEF2F9-BCF8-4FDB-AF1D-5B173F7CBE1D}.Debug|Any CPU.Build.0 = Debug|Any CPU
		{82FEF2F9-BCF8-4FDB-AF1D-5B173F7CBE1D}.Release|Any CPU.ActiveCfg = Release|Any CPU
		{82FEF2F9-BCF8-4FDB-AF1D-5B173F7CBE1D}.Release|Any CPU.Build.0 = Release|Any CPU
		{0EB72D26-2734-4292-9573-9D254277DB2F}.Debug|Any CPU.ActiveCfg = Debug|Any CPU
		{0EB72D26-2734-4292-9573-9D254277DB2F}.Debug|Any CPU.Build.0 = Debug|Any CPU
		{0EB72D26-2734-4292-9573-9D254277DB2F}.Release|Any CPU.ActiveCfg = Release|Any CPU
		{0EB72D26-2734-4292-9573-9D254277DB2F}.Release|Any CPU.Build.0 = Release|Any CPU
		{728DA5B8-20CB-4B9A-91D8-1BD02CA1B500}.Debug|Any CPU.ActiveCfg = Debug|Any CPU
		{728DA5B8-20CB-4B9A-91D8-1BD02CA1B500}.Debug|Any CPU.Build.0 = Debug|Any CPU
		{728DA5B8-20CB-4B9A-91D8-1BD02CA1B500}.Release|Any CPU.ActiveCfg = Release|Any CPU
		{728DA5B8-20CB-4B9A-91D8-1BD02CA1B500}.Release|Any CPU.Build.0 = Release|Any CPU
	EndGlobalSection
	GlobalSection(SolutionProperties) = preSolution
		HideSolutionNode = FALSE
	EndGlobalSection
	GlobalSection(ExtensibilityGlobals) = postSolution
		SolutionGuid = {549C904E-A7B7-4A63-9F63-2A1CA85B3CE6}
	EndGlobalSection
EndGlobal
